
Microsoft Visual Studio Solution File, Format Version 12.00
# Visual Studio Version 16
VisualStudioVersion = 16.0.29519.87
MinimumVisualStudioVersion = 10.0.40219.1
Project("{F184B08F-C81C-45F6-A57F-5ABD9991F28F}") = "Empresa", "Empresa\Empresa.vbproj", "{910D7EC8-3F5B-44B2-B354-D4018C78D8D3}"
EndProject
Global
	GlobalSection(SolutionConfigurationPlatforms) = preSolution
		Debug|Any CPU = Debug|Any CPU
		Release|Any CPU = Release|Any CPU
	EndGlobalSection
	GlobalSection(ProjectConfigurationPlatforms) = postSolution
		{910D7EC8-3F5B-44B2-B354-D4018C78D8D3}.Debug|Any CPU.ActiveCfg = Debug|Any CPU
		{910D7EC8-3F5B-44B2-B354-D4018C78D8D3}.Debug|Any CPU.Build.0 = Debug|Any CPU
		{910D7EC8-3F5B-44B2-B354-D4018C78D8D3}.Release|Any CPU.ActiveCfg = Release|Any CPU
		{910D7EC8-3F5B-44B2-B354-D4018C78D8D3}.Release|Any CPU.Build.0 = Release|Any CPU
	EndGlobalSection
	GlobalSection(SolutionProperties) = preSolution
		HideSolutionNode = FALSE
	EndGlobalSection
	GlobalSection(ExtensibilityGlobals) = postSolution
		SolutionGuid = {C74A4F5D-2E73-42BC-8334-17F945ED64BA}
	EndGlobalSection
EndGlobal
